
Microsoft Visual Studio Solution File, Format Version 12.00
# Visual Studio 15
VisualStudioVersion = 15.0.26430.12
MinimumVisualStudioVersion = 10.0.40219.1
Project("{8BC9CEB8-8B4A-11D0-8D11-00A0C91BC942}") = "Aeiou", "Aeiou.vcxproj", "{7A77BB55-2CF8-4E13-AF50-80E6D8B02522}"
	ProjectSection(ProjectDependencies) = postProject
		{EFDD8D4A-DCEB-4DE8-A0A8-9F7CCF7BF43B} = {EFDD8D4A-DCEB-4DE8-A0A8-9F7CCF7BF43B}
		{3566419D-530C-42DC-B80B-FEF41A16BD6E} = {3566419D-530C-42DC-B80B-FEF41A16BD6E}
		{F113BDC6-16A3-40FE-9019-59A6250B153C} = {F113BDC6-16A3-40FE-9019-59A6250B153C}
	EndProjectSection
EndProject
Project("{8BC9CEB8-8B4A-11D0-8D11-00A0C91BC942}") = "Aeiou-Preprocessor", "Sub-Modules\Aeiou-Preprocessor\Aeiou-Preprocessor.vcxproj", "{F113BDC6-16A3-40FE-9019-59A6250B153C}"
EndProject
Project("{2150E333-8FDC-42A3-9474-1A3956D46DE8}") = "Test-Projects", "Test-Projects", "{B70F8639-1A5E-4666-97DE-6B756D6C7814}"
EndProject
Project("{8BC9CEB8-8B4A-11D0-8D11-00A0C91BC942}") = "Test1", "Test-Projects\Test1\Test1.vcxproj", "{BA4BAFD6-CC48-462B-9277-C19D036175E8}"
	ProjectSection(ProjectDependencies) = postProject
		{7A77BB55-2CF8-4E13-AF50-80E6D8B02522} = {7A77BB55-2CF8-4E13-AF50-80E6D8B02522}
		{F57AFBBB-DF6F-4434-B8DD-E3A45FFC793E} = {F57AFBBB-DF6F-4434-B8DD-E3A45FFC793E}
	EndProjectSection
EndProject
Project("{8BC9CEB8-8B4A-11D0-8D11-00A0C91BC942}") = "Aeiou-TypeTraits", "Sub-Modules\Aeiou-TypeTraits\Aeiou-TypeTraits.vcxproj", "{EFDD8D4A-DCEB-4DE8-A0A8-9F7CCF7BF43B}"
EndProject
Project("{8BC9CEB8-8B4A-11D0-8D11-00A0C91BC942}") = "Aeiou-Utilities", "Sub-Modules\Aeiou-Utilities\Aeiou-Utilities.vcxproj", "{3566419D-530C-42DC-B80B-FEF41A16BD6E}"
EndProject
Project("{2150E333-8FDC-42A3-9474-1A3956D46DE8}") = "Sub-Projects", "Sub-Projects", "{773E94DB-0008-4A7F-A4FE-C243B709737D}"
EndProject
Project("{8BC9CEB8-8B4A-11D0-8D11-00A0C91BC942}") = "AeiouScript", "Sub-Projects\AeiouScript\AeiouScript.vcxproj", "{F57AFBBB-DF6F-4434-B8DD-E3A45FFC793E}"
EndProject
Global
	GlobalSection(SolutionConfigurationPlatforms) = preSolution
		Debug|x64 = Debug|x64
		Debug|x86 = Debug|x86
		Release|x64 = Release|x64
		Release|x86 = Release|x86
	EndGlobalSection
	GlobalSection(ProjectConfigurationPlatforms) = postSolution
		{7A77BB55-2CF8-4E13-AF50-80E6D8B02522}.Debug|x64.ActiveCfg = Debug|x64
		{7A77BB55-2CF8-4E13-AF50-80E6D8B02522}.Debug|x64.Build.0 = Debug|x64
		{7A77BB55-2CF8-4E13-AF50-80E6D8B02522}.Debug|x86.ActiveCfg = Debug|Win32
		{7A77BB55-2CF8-4E13-AF50-80E6D8B02522}.Debug|x86.Build.0 = Debug|Win32
		{7A77BB55-2CF8-4E13-AF50-80E6D8B02522}.Release|x64.ActiveCfg = Release|x64
		{7A77BB55-2CF8-4E13-AF50-80E6D8B02522}.Release|x64.Build.0 = Release|x64
		{7A77BB55-2CF8-4E13-AF50-80E6D8B02522}.Release|x86.ActiveCfg = Release|Win32
		{7A77BB55-2CF8-4E13-AF50-80E6D8B02522}.Release|x86.Build.0 = Release|Win32
		{F113BDC6-16A3-40FE-9019-59A6250B153C}.Debug|x64.ActiveCfg = Debug|x64
		{F113BDC6-16A3-40FE-9019-59A6250B153C}.Debug|x64.Build.0 = Debug|x64
		{F113BDC6-16A3-40FE-9019-59A6250B153C}.Debug|x86.ActiveCfg = Debug|Win32
		{F113BDC6-16A3-40FE-9019-59A6250B153C}.Debug|x86.Build.0 = Debug|Win32
		{F113BDC6-16A3-40FE-9019-59A6250B153C}.Release|x64.ActiveCfg = Release|x64
		{F113BDC6-16A3-40FE-9019-59A6250B153C}.Release|x64.Build.0 = Release|x64
		{F113BDC6-16A3-40FE-9019-59A6250B153C}.Release|x86.ActiveCfg = Release|Win32
		{F113BDC6-16A3-40FE-9019-59A6250B153C}.Release|x86.Build.0 = Release|Win32
		{BA4BAFD6-CC48-462B-9277-C19D036175E8}.Debug|x64.ActiveCfg = Debug|x64
		{BA4BAFD6-CC48-462B-9277-C19D036175E8}.Debug|x64.Build.0 = Debug|x64
		{BA4BAFD6-CC48-462B-9277-C19D036175E8}.Debug|x86.ActiveCfg = Debug|Win32
		{BA4BAFD6-CC48-462B-9277-C19D036175E8}.Debug|x86.Build.0 = Debug|Win32
		{BA4BAFD6-CC48-462B-9277-C19D036175E8}.Release|x64.ActiveCfg = Release|x64
		{BA4BAFD6-CC48-462B-9277-C19D036175E8}.Release|x64.Build.0 = Release|x64
		{BA4BAFD6-CC48-462B-9277-C19D036175E8}.Release|x86.ActiveCfg = Release|Win32
		{BA4BAFD6-CC48-462B-9277-C19D036175E8}.Release|x86.Build.0 = Release|Win32
		{EFDD8D4A-DCEB-4DE8-A0A8-9F7CCF7BF43B}.Debug|x64.ActiveCfg = Debug|x64
		{EFDD8D4A-DCEB-4DE8-A0A8-9F7CCF7BF43B}.Debug|x64.Build.0 = Debug|x64
		{EFDD8D4A-DCEB-4DE8-A0A8-9F7CCF7BF43B}.Debug|x86.ActiveCfg = Debug|Win32
		{EFDD8D4A-DCEB-4DE8-A0A8-9F7CCF7BF43B}.Debug|x86.Build.0 = Debug|Win32
		{EFDD8D4A-DCEB-4DE8-A0A8-9F7CCF7BF43B}.Release|x64.ActiveCfg = Release|x64
		{EFDD8D4A-DCEB-4DE8-A0A8-9F7CCF7BF43B}.Release|x64.Build.0 = Release|x64
		{EFDD8D4A-DCEB-4DE8-A0A8-9F7CCF7BF43B}.Release|x86.ActiveCfg = Release|Win32
		{EFDD8D4A-DCEB-4DE8-A0A8-9F7CCF7BF43B}.Release|x86.Build.0 = Release|Win32
		{3566419D-530C-42DC-B80B-FEF41A16BD6E}.Debug|x64.ActiveCfg = Debug|x64
		{3566419D-530C-42DC-B80B-FEF41A16BD6E}.Debug|x64.Build.0 = Debug|x64
		{3566419D-530C-42DC-B80B-FEF41A16BD6E}.Debug|x86.ActiveCfg = Debug|Win32
		{3566419D-530C-42DC-B80B-FEF41A16BD6E}.Debug|x86.Build.0 = Debug|Win32
		{3566419D-530C-42DC-B80B-FEF41A16BD6E}.Release|x64.ActiveCfg = Release|x64
		{3566419D-530C-42DC-B80B-FEF41A16BD6E}.Release|x64.Build.0 = Release|x64
		{3566419D-530C-42DC-B80B-FEF41A16BD6E}.Release|x86.ActiveCfg = Release|Win32
		{3566419D-530C-42DC-B80B-FEF41A16BD6E}.Release|x86.Build.0 = Release|Win32
		{F57AFBBB-DF6F-4434-B8DD-E3A45FFC793E}.Debug|x64.ActiveCfg = Debug|x64
		{F57AFBBB-DF6F-4434-B8DD-E3A45FFC793E}.Debug|x64.Build.0 = Debug|x64
		{F57AFBBB-DF6F-4434-B8DD-E3A45FFC793E}.Debug|x86.ActiveCfg = Debug|Win32
		{F57AFBBB-DF6F-4434-B8DD-E3A45FFC793E}.Debug|x86.Build.0 = Debug|Win32
		{F57AFBBB-DF6F-4434-B8DD-E3A45FFC793E}.Release|x64.ActiveCfg = Release|x64
		{F57AFBBB-DF6F-4434-B8DD-E3A45FFC793E}.Release|x64.Build.0 = Release|x64
		{F57AFBBB-DF6F-4434-B8DD-E3A45FFC793E}.Release|x86.ActiveCfg = Release|Win32
		{F57AFBBB-DF6F-4434-B8DD-E3A45FFC793E}.Release|x86.Build.0 = Release|Win32
	EndGlobalSection
	GlobalSection(SolutionProperties) = preSolution
		HideSolutionNode = FALSE
	EndGlobalSection
	GlobalSection(NestedProjects) = preSolution
		{BA4BAFD6-CC48-462B-9277-C19D036175E8} = {B70F8639-1A5E-4666-97DE-6B756D6C7814}
		{F57AFBBB-DF6F-4434-B8DD-E3A45FFC793E} = {773E94DB-0008-4A7F-A4FE-C243B709737D}
	EndGlobalSection
EndGlobal
