<?xml version="1.0" encoding="utf-8"?>
<Project ToolsVersion="4.0" xmlns="http://schemas.microsoft.com/developer/msbuild/2003">
  <ItemGroup>
    <Filter Include="Header-Files">
      <UniqueIdentifier>{d778f692-bbd1-4131-ba2e-0de6561222da}</UniqueIdentifier>
    </Filter>
    <Filter Include="Source-Files">
      <UniqueIdentifier>{b96f24de-727e-40f0-a005-7da45ff6ddb3}</UniqueIdentifier>
    </Filter>
    <Filter Include="Header-Files\Configurations">
      <UniqueIdentifier>{ac54aab4-143a-41c4-ac40-44a744b31eba}</UniqueIdentifier>
    </Filter>
    <Filter Include="Header-Files\Configurations\Platforms">
      <UniqueIdentifier>{7ac6aec4-0900-4fc4-88de-9219a77eec5f}</UniqueIdentifier>
    </Filter>
    <Filter Include="Header-Files\Configurations\Compilers">
      <UniqueIdentifier>{4e3b0854-90ed-4906-a8f6-72f79567b7c9}</UniqueIdentifier>
    </Filter>
    <Filter Include="Header-Files\Configurations\Features">
      <UniqueIdentifier>{d9db9ada-b72b-44e6-96fa-b1d68f95853f}</UniqueIdentifier>
    </Filter>
  </ItemGroup>
  <ItemGroup>
    <ClInclude Include="..\Include\Aeiou.hh" />
    <ClInclude Include="..\Include\Aeiou\Aeiou.hh">
      <Filter>Header-Files</Filter>
    </ClInclude>
    <ClInclude Include="..\Include\Aeiou\Configurations.hh">
      <Filter>Header-Files</Filter>
    </ClInclude>
    <ClInclude Include="..\Include\Aeiou\Configurations\Basic-Values.hh">
      <Filter>Header-Files\Configurations</Filter>
    </ClInclude>
    <ClInclude Include="..\Include\Aeiou\Configurations\Compiler-Values.hh">
      <Filter>Header-Files\Configurations</Filter>
    </ClInclude>
    <ClInclude Include="..\Include\Aeiou\Configurations\LinkingMode-Values.hh">
      <Filter>Header-Files\Configurations</Filter>
    </ClInclude>
    <ClInclude Include="..\Include\Aeiou\Configurations\Platform-Values.hh">
      <Filter>Header-Files\Configurations</Filter>
    </ClInclude>
    <ClInclude Include="..\Include\Aeiou\Configurations\Platforms\Linux.hh">
      <Filter>Header-Files\Configurations\Platforms</Filter>
    </ClInclude>
    <ClInclude Include="..\Include\Aeiou\Configurations\Platforms\Windows.hh">
      <Filter>Header-Files\Configurations\Platforms</Filter>
    </ClInclude>
    <ClInclude Include="..\Include\Aeiou\Configurations\Compilers\Clang.hh">
      <Filter>Header-Files\Configurations\Compilers</Filter>
    </ClInclude>
    <ClInclude Include="..\Include\Aeiou\Configurations\Compilers\MSVC.hh">
      <Filter>Header-Files\Configurations\Compilers</Filter>
    </ClInclude>
    <ClInclude Include="..\Include\Aeiou\Configurations\Compilers\GCC.hh">
      <Filter>Header-Files\Configurations\Compilers</Filter>
    </ClInclude>
    <ClInclude Include="..\Include\Aeiou\Configurations\Compilers\ICC.hh">
      <Filter>Header-Files\Configurations\Compilers</Filter>
    </ClInclude>
    <ClInclude Include="..\Include\Aeiou\Configurations\Compiler.hh">
      <Filter>Header-Files\Configurations</Filter>
    </ClInclude>
    <ClInclude Include="..\Include\Aeiou\Configurations\Platform.hh">
      <Filter>Header-Files\Configurations</Filter>
    </ClInclude>
    <ClInclude Include="..\Include\Aeiou\Configurations\LinkingMode.hh">
      <Filter>Header-Files\Configurations</Filter>
    </ClInclude>
    <ClInclude Include="..\Include\Aeiou\Configurations\Features\StaticAssert.hh">
      <Filter>Header-Files\Configurations\Features</Filter>
    </ClInclude>
    <ClInclude Include="..\Include\Aeiou\Configurations\Features.hh">
      <Filter>Header-Files\Configurations</Filter>
    </ClInclude>
    <ClInclude Include="..\Include\Aeiou\Configurations\Features\Final.hh">
      <Filter>Header-Files\Configurations\Features</Filter>
    </ClInclude>
    <ClInclude Include="..\Include\Aeiou\Configurations\Features\Constexpr.hh">
      <Filter>Header-Files\Configurations\Features</Filter>
    </ClInclude>
    <ClInclude Include="..\Include\Aeiou\Configurations\Features\NoExcept.hh">
      <Filter>Header-Files\Configurations\Features</Filter>
    </ClInclude>
  </ItemGroup>
  <ItemGroup>
    <ClCompile Include="..\Source\StaticAssert-Common.cc">
      <Filter>Source-Files</Filter>
    </ClCompile>
  </ItemGroup>
</Project>