<?xml version="1.0" encoding="utf-8"?>
<Project ToolsVersion="4.0" xmlns="http://schemas.microsoft.com/developer/msbuild/2003">
  <ItemGroup>
    <Filter Include="Header-Files">
      <UniqueIdentifier>{27f3ccf4-a97a-4d5e-ba66-af82beca3e6f}</UniqueIdentifier>
    </Filter>
    <Filter Include="Source-Files">
      <UniqueIdentifier>{c82b5657-a15c-415a-9f04-743ee9c9d88d}</UniqueIdentifier>
    </Filter>
    <Filter Include="Header-Files\Preprocessor">
      <UniqueIdentifier>{2970d884-86b8-49b2-91c9-28ee7d176742}</UniqueIdentifier>
    </Filter>
    <Filter Include="Header-Files\Preprocessor\Configurations">
      <UniqueIdentifier>{ddb7c643-9f74-4153-92ad-b67f9615f25d}</UniqueIdentifier>
    </Filter>
    <Filter Include="Header-Files\Preprocessor\Details">
      <UniqueIdentifier>{4ca1309d-88ba-4c5b-b093-400732eaff35}</UniqueIdentifier>
    </Filter>
  </ItemGroup>
  <ItemGroup>
    <ClCompile Include="..\..\..\Source\StaticAssert-Common.cc">
      <Filter>Source-Files</Filter>
    </ClCompile>
  </ItemGroup>
  <ItemGroup>
    <ClInclude Include="..\..\..\Include\Aeiou\Preprocessor.hh">
      <Filter>Header-Files</Filter>
    </ClInclude>
    <ClInclude Include="..\..\..\Include\Aeiou\Preprocessor\Features-Supported.hh">
      <Filter>Header-Files\Preprocessor</Filter>
    </ClInclude>
    <ClInclude Include="..\..\..\Include\Aeiou\Preprocessor\Bool.hh">
      <Filter>Header-Files\Preprocessor</Filter>
    </ClInclude>
    <ClInclude Include="..\..\..\Include\Aeiou\Preprocessor\Identity.hh">
      <Filter>Header-Files\Preprocessor</Filter>
    </ClInclude>
    <ClInclude Include="..\..\..\Include\Aeiou\Preprocessor\Configurations\DataLimit.hh">
      <Filter>Header-Files\Preprocessor\Configurations</Filter>
    </ClInclude>
    <ClInclude Include="..\..\..\Include\Aeiou\Preprocessor\Configurations\DataLimit-Values.hh">
      <Filter>Header-Files\Preprocessor\Configurations</Filter>
    </ClInclude>
    <ClInclude Include="..\..\..\Include\Aeiou\Preprocessor\Details\2ByteBool.hh">
      <Filter>Header-Files\Preprocessor\Details</Filter>
    </ClInclude>
  </ItemGroup>
</Project>