<?xml version="1.0" encoding="utf-8"?>
<Project ToolsVersion="4.0" xmlns="http://schemas.microsoft.com/developer/msbuild/2003">
  <ItemGroup>
    <Filter Include="Header-Files">
      <UniqueIdentifier>{1cb080b8-9a5c-4b7d-8e20-ef617a3147e7}</UniqueIdentifier>
    </Filter>
    <Filter Include="Source-Files">
      <UniqueIdentifier>{0aa8de27-0911-4c3b-a051-e223b17609c8}</UniqueIdentifier>
    </Filter>
    <Filter Include="Header-Files\Numerics">
      <UniqueIdentifier>{d3ecf553-8d26-4432-b010-c047bf5f4dae}</UniqueIdentifier>
    </Filter>
  </ItemGroup>
  <ItemGroup>
    <ClCompile Include="..\..\..\Source\StaticAssert-Common.cc">
      <Filter>Source-Files</Filter>
    </ClCompile>
  </ItemGroup>
  <ItemGroup>
    <ClInclude Include="..\..\..\Include\Aeiou\Numerics.hh">
      <Filter>Header-Files</Filter>
    </ClInclude>
    <ClInclude Include="..\..\..\Include\Aeiou\Numerics\Ratio.hh">
      <Filter>Header-Files\Numerics</Filter>
    </ClInclude>
  </ItemGroup>
</Project>