<?xml version="1.0" encoding="utf-8"?>
<Project ToolsVersion="4.0" xmlns="http://schemas.microsoft.com/developer/msbuild/2003">
  <ItemGroup>
    <Filter Include="Header-Files">
      <UniqueIdentifier>{4c5af19d-d182-4ada-bca7-c4586f424826}</UniqueIdentifier>
    </Filter>
    <Filter Include="Source-Files">
      <UniqueIdentifier>{d66e60ac-0b4e-402d-8e83-f15bc7713f7c}</UniqueIdentifier>
    </Filter>
    <Filter Include="Header-Files\Math">
      <UniqueIdentifier>{e24e41e2-30d4-4811-af05-dc56ef86a98b}</UniqueIdentifier>
    </Filter>
  </ItemGroup>
  <ItemGroup>
    <ClCompile Include="..\..\..\Source\StaticAssert-Common.cc">
      <Filter>Source-Files</Filter>
    </ClCompile>
  </ItemGroup>
  <ItemGroup>
    <ClInclude Include="..\..\..\Include\Aeiou\Math.hh">
      <Filter>Header-Files</Filter>
    </ClInclude>
    <ClInclude Include="..\..\..\Include\Aeiou\Math\Constants.hh">
      <Filter>Header-Files\Math</Filter>
    </ClInclude>
  </ItemGroup>
</Project>