<?xml version="1.0" encoding="utf-8"?>
<Project ToolsVersion="4.0" xmlns="http://schemas.microsoft.com/developer/msbuild/2003">
  <ItemGroup>
    <Filter Include="Header-Files">
      <UniqueIdentifier>{8db54065-d648-403c-8e74-eb253d20edae}</UniqueIdentifier>
    </Filter>
    <Filter Include="Source-Files">
      <UniqueIdentifier>{75225e74-ba97-4e81-8063-90483f2d402e}</UniqueIdentifier>
    </Filter>
    <Filter Include="Header-Files\TypeTraits">
      <UniqueIdentifier>{88fbb73d-07f6-4b83-ad17-3463514d3bb4}</UniqueIdentifier>
    </Filter>
    <Filter Include="Header-Files\TypeTraits\Details">
      <UniqueIdentifier>{533def9d-b277-4ac9-816c-f842d53858b4}</UniqueIdentifier>
    </Filter>
  </ItemGroup>
  <ItemGroup>
    <ClCompile Include="..\..\..\Source\StaticAssert-Common.cc">
      <Filter>Source-Files</Filter>
    </ClCompile>
  </ItemGroup>
  <ItemGroup>
    <ClInclude Include="..\..\..\Include\Aeiou\TypeTraits.hh">
      <Filter>Header-Files</Filter>
    </ClInclude>
    <ClInclude Include="..\..\..\Include\Aeiou\TypeTraits\IsEqual.hh">
      <Filter>Header-Files\TypeTraits</Filter>
    </ClInclude>
    <ClInclude Include="..\..\..\Include\Aeiou\TypeTraits\IsFundamental.hh">
      <Filter>Header-Files\TypeTraits</Filter>
    </ClInclude>
    <ClInclude Include="..\..\..\Include\Aeiou\TypeTraits\IsArithmetic.hh">
      <Filter>Header-Files\TypeTraits</Filter>
    </ClInclude>
    <ClInclude Include="..\..\..\Include\Aeiou\TypeTraits\IsFloatingPoint.hh">
      <Filter>Header-Files\TypeTraits</Filter>
    </ClInclude>
    <ClInclude Include="..\..\..\Include\Aeiou\TypeTraits\IsInteger.hh">
      <Filter>Header-Files\TypeTraits</Filter>
    </ClInclude>
    <ClInclude Include="..\..\..\Include\Aeiou\TypeTraits\RemoveCV.hh">
      <Filter>Header-Files\TypeTraits</Filter>
    </ClInclude>
    <ClInclude Include="..\..\..\Include\Aeiou\TypeTraits\IsPointer.hh">
      <Filter>Header-Files\TypeTraits</Filter>
    </ClInclude>
    <ClInclude Include="..\..\..\Include\Aeiou\TypeTraits\IsVoid.hh">
      <Filter>Header-Files\TypeTraits</Filter>
    </ClInclude>
    <ClInclude Include="..\..\..\Include\Aeiou\TypeTraits\Details\ChangeSign.hh">
      <Filter>Header-Files\TypeTraits\Details</Filter>
    </ClInclude>
    <ClInclude Include="..\..\..\Include\Aeiou\TypeTraits\MakeSigned.hh">
      <Filter>Header-Files\TypeTraits</Filter>
    </ClInclude>
    <ClInclude Include="..\..\..\Include\Aeiou\TypeTraits\MakeUnsigned.hh">
      <Filter>Header-Files\TypeTraits</Filter>
    </ClInclude>
    <ClInclude Include="..\..\..\Include\Aeiou\TypeTraits\SelectIf.hh">
      <Filter>Header-Files\TypeTraits</Filter>
    </ClInclude>
    <ClInclude Include="..\..\..\Include\Aeiou\TypeTraits\Constant.hh">
      <Filter>Header-Files\TypeTraits</Filter>
    </ClInclude>
    <ClInclude Include="..\..\..\Include\Aeiou\TypeTraits\EnableIf.hh">
      <Filter>Header-Files\TypeTraits</Filter>
    </ClInclude>
  </ItemGroup>
</Project>